
Microsoft Visual Studio Solution File, Format Version 12.00
# Visual Studio Version 16
VisualStudioVersion = 16.0.34114.132
MinimumVisualStudioVersion = 10.0.40219.1
Project("{FAE04EC0-301F-11D3-BF4B-00C04F79EFBC}") = "Rento", "Rento\Rento.csproj", "{9A173201-DB7C-4AB9-8B44-8451F5CD8C4C}"
EndProject
Global
	GlobalSection(SolutionConfigurationPlatforms) = preSolution
		Debug|Any CPU = Debug|Any CPU
		Release|Any CPU = Release|Any CPU
	EndGlobalSection
	GlobalSection(ProjectConfigurationPlatforms) = postSolution
		{9A173201-DB7C-4AB9-8B44-8451F5CD8C4C}.Debug|Any CPU.ActiveCfg = Debug|Any CPU
		{9A173201-DB7C-4AB9-8B44-8451F5CD8C4C}.Debug|Any CPU.Build.0 = Debug|Any CPU
		{9A173201-DB7C-4AB9-8B44-8451F5CD8C4C}.Release|Any CPU.ActiveCfg = Release|Any CPU
		{9A173201-DB7C-4AB9-8B44-8451F5CD8C4C}.Release|Any CPU.Build.0 = Release|Any CPU
	EndGlobalSection
	GlobalSection(SolutionProperties) = preSolution
		HideSolutionNode = FALSE
	EndGlobalSection
	GlobalSection(ExtensibilityGlobals) = postSolution
		SolutionGuid = {1F3AA9A7-C300-4BF5-A306-E484FCC0CDAE}
	EndGlobalSection
EndGlobal
